
Microsoft Visual Studio Solution File, Format Version 12.00
# Visual Studio Version 16
VisualStudioVersion = 16.0.31321.278
MinimumVisualStudioVersion = 10.0.40219.1
Project("{FAE04EC0-301F-11D3-BF4B-00C04F79EFBC}") = "Operators_Exercise_2", "Operators_Exercise_2\Operators_Exercise_2.csproj", "{5D81D74A-EB7C-41B2-82D3-799DFA8A0360}"
EndProject
Global
	GlobalSection(SolutionConfigurationPlatforms) = preSolution
		Debug|Any CPU = Debug|Any CPU
		Release|Any CPU = Release|Any CPU
	EndGlobalSection
	GlobalSection(ProjectConfigurationPlatforms) = postSolution
		{5D81D74A-EB7C-41B2-82D3-799DFA8A0360}.Debug|Any CPU.ActiveCfg = Debug|Any CPU
		{5D81D74A-EB7C-41B2-82D3-799DFA8A0360}.Debug|Any CPU.Build.0 = Debug|Any CPU
		{5D81D74A-EB7C-41B2-82D3-799DFA8A0360}.Release|Any CPU.ActiveCfg = Release|Any CPU
		{5D81D74A-EB7C-41B2-82D3-799DFA8A0360}.Release|Any CPU.Build.0 = Release|Any CPU
	EndGlobalSection
	GlobalSection(SolutionProperties) = preSolution
		HideSolutionNode = FALSE
	EndGlobalSection
	GlobalSection(ExtensibilityGlobals) = postSolution
		SolutionGuid = {C3A40CD2-54D0-4C69-B006-5FF657B8B747}
	EndGlobalSection
EndGlobal
